// !$*UTF8*$!
{
	archiveVersion = 1;
	classes = {
	};
	objectVersion = 56;
	objects = {

/* Begin PBXBuildFile section */
		E83D696C29F9E8CA00DF95A2 /* AccountView.swift in Sources */ = {isa = PBXBuildFile; fileRef = E83D696B29F9E8CA00DF95A2 /* AccountView.swift */; };
		E83D696F29F9E97700DF95A2 /* MenuProfileView.swift in Sources */ = {isa = PBXBuildFile; fileRef = E83D696E29F9E97700DF95A2 /* MenuProfileView.swift */; };
		E83D697229FA088A00DF95A2 /* VerifyAccount.swift in Sources */ = {isa = PBXBuildFile; fileRef = E83D697129FA088A00DF95A2 /* VerifyAccount.swift */; };
		E83D697529FA08EA00DF95A2 /* VerifyScreenView.swift in Sources */ = {isa = PBXBuildFile; fileRef = E83D697429FA08EA00DF95A2 /* VerifyScreenView.swift */; };
		E83D697A29FA24E300DF95A2 /* PublicZoneView.swift in Sources */ = {isa = PBXBuildFile; fileRef = E83D697929FA24E300DF95A2 /* PublicZoneView.swift */; };
		E8474D6329F0D08000E2E0B1 /* AppDelegate.swift in Sources */ = {isa = PBXBuildFile; fileRef = E8474D6229F0D08000E2E0B1 /* AppDelegate.swift */; };
		E8474D6529F0D08000E2E0B1 /* LoginView.swift in Sources */ = {isa = PBXBuildFile; fileRef = E8474D6429F0D08000E2E0B1 /* LoginView.swift */; };
		E8474D6729F0D08200E2E0B1 /* Assets.xcassets in Resources */ = {isa = PBXBuildFile; fileRef = E8474D6629F0D08200E2E0B1 /* Assets.xcassets */; };
		E8474D7129F0D11200E2E0B1 /* GoogleService-Info.plist in Resources */ = {isa = PBXBuildFile; fileRef = E8474D7029F0D11200E2E0B1 /* GoogleService-Info.plist */; };
		E847D42529F0D3650026EEAE /* FirebaseAnalytics in Frameworks */ = {isa = PBXBuildFile; productRef = E847D42429F0D3650026EEAE /* FirebaseAnalytics */; };
		E847D42729F0D3650026EEAE /* FirebaseAuth in Frameworks */ = {isa = PBXBuildFile; productRef = E847D42629F0D3650026EEAE /* FirebaseAuth */; };
		E847D42929F0D3650026EEAE /* FirebaseCrashlytics in Frameworks */ = {isa = PBXBuildFile; productRef = E847D42829F0D3650026EEAE /* FirebaseCrashlytics */; };
		E847D42B29F0D3650026EEAE /* FirebaseMessaging in Frameworks */ = {isa = PBXBuildFile; productRef = E847D42A29F0D3650026EEAE /* FirebaseMessaging */; };
		E8ACB33929F77F19000D11A4 /* HomeView.swift in Sources */ = {isa = PBXBuildFile; fileRef = E8ACB33829F77F19000D11A4 /* HomeView.swift */; };
		E8ACB33C29F78653000D11A4 /* MenuView.swift in Sources */ = {isa = PBXBuildFile; fileRef = E8ACB33B29F78653000D11A4 /* MenuView.swift */; };
		E8BCB02029F0D7370086A8A0 /* Preview Assets.xcassets in Resources */ = {isa = PBXBuildFile; fileRef = E8BCB01F29F0D7370086A8A0 /* Preview Assets.xcassets */; };
		E8BCB02929F0DD050086A8A0 /* GoogleSignIn in Frameworks */ = {isa = PBXBuildFile; productRef = E8BCB02829F0DD050086A8A0 /* GoogleSignIn */; };
		E8BCB02B29F0DF010086A8A0 /* LoginViewModel.swift in Sources */ = {isa = PBXBuildFile; fileRef = E8BCB02A29F0DF010086A8A0 /* LoginViewModel.swift */; };
		E8BCB02D29F0E0560086A8A0 /* RootViewController.swift in Sources */ = {isa = PBXBuildFile; fileRef = E8BCB02C29F0E0560086A8A0 /* RootViewController.swift */; };
		E8E0877E29F8CB0F008428E7 /* Coordinator.swift in Sources */ = {isa = PBXBuildFile; fileRef = E8E0877D29F8CB0F008428E7 /* Coordinator.swift */; };
		E8E0878329F8CD44008428E7 /* PhotosView.swift in Sources */ = {isa = PBXBuildFile; fileRef = E8E0878229F8CD44008428E7 /* PhotosView.swift */; };
		E8E0878829F8CD8B008428E7 /* PhotoScreenView.swift in Sources */ = {isa = PBXBuildFile; fileRef = E8E0878729F8CD8B008428E7 /* PhotoScreenView.swift */; };
		E8E0878E29F8CF33008428E7 /* RegisterView.swift in Sources */ = {isa = PBXBuildFile; fileRef = E8E0878D29F8CF33008428E7 /* RegisterView.swift */; };
		E8E0879729F8D005008428E7 /* ArtishowView.swift in Sources */ = {isa = PBXBuildFile; fileRef = E8E0879629F8D005008428E7 /* ArtishowView.swift */; };
		E8E0879929F8D015008428E7 /* FavoritesView.swift in Sources */ = {isa = PBXBuildFile; fileRef = E8E0879829F8D015008428E7 /* FavoritesView.swift */; };
		E8E0879C29F8D075008428E7 /* PasswordView.swift in Sources */ = {isa = PBXBuildFile; fileRef = E8E0879B29F8D075008428E7 /* PasswordView.swift */; };
		E8E087A129F8D1F5008428E7 /* CoordinatorView.swift in Sources */ = {isa = PBXBuildFile; fileRef = E8E087A029F8D1F5008428E7 /* CoordinatorView.swift */; };
		E8E087A629F8D6C0008428E7 /* Utils.swift in Sources */ = {isa = PBXBuildFile; fileRef = E8E087A529F8D6C0008428E7 /* Utils.swift */; };
		E8E087A829F8D6D0008428E7 /* Constants.swift in Sources */ = {isa = PBXBuildFile; fileRef = E8E087A729F8D6D0008428E7 /* Constants.swift */; };
		E8E087AA29F8D7AD008428E7 /* CoordinatorContent.swift in Sources */ = {isa = PBXBuildFile; fileRef = E8E087A929F8D7AD008428E7 /* CoordinatorContent.swift */; };
		E8E087AF29F8DC1A008428E7 /* PrivateZoneView.swift in Sources */ = {isa = PBXBuildFile; fileRef = E8E087AE29F8DC1A008428E7 /* PrivateZoneView.swift */; };
/* End PBXBuildFile section */

/* Begin PBXFileReference section */
		E83D696B29F9E8CA00DF95A2 /* AccountView.swift */ = {isa = PBXFileReference; lastKnownFileType = sourcecode.swift; path = AccountView.swift; sourceTree = "<group>"; };
		E83D696E29F9E97700DF95A2 /* MenuProfileView.swift */ = {isa = PBXFileReference; lastKnownFileType = sourcecode.swift; path = MenuProfileView.swift; sourceTree = "<group>"; };
		E83D697129FA088A00DF95A2 /* VerifyAccount.swift */ = {isa = PBXFileReference; lastKnownFileType = sourcecode.swift; path = VerifyAccount.swift; sourceTree = "<group>"; };
		E83D697429FA08EA00DF95A2 /* VerifyScreenView.swift */ = {isa = PBXFileReference; lastKnownFileType = sourcecode.swift; path = VerifyScreenView.swift; sourceTree = "<group>"; };
		E83D697929FA24E300DF95A2 /* PublicZoneView.swift */ = {isa = PBXFileReference; lastKnownFileType = sourcecode.swift; path = PublicZoneView.swift; sourceTree = "<group>"; };
		E8474D5F29F0D08000E2E0B1 /* artishow-poc.app */ = {isa = PBXFileReference; explicitFileType = wrapper.application; includeInIndex = 0; path = "artishow-poc.app"; sourceTree = BUILT_PRODUCTS_DIR; };
		E8474D6229F0D08000E2E0B1 /* AppDelegate.swift */ = {isa = PBXFileReference; lastKnownFileType = sourcecode.swift; path = AppDelegate.swift; sourceTree = "<group>"; };
		E8474D6429F0D08000E2E0B1 /* LoginView.swift */ = {isa = PBXFileReference; lastKnownFileType = sourcecode.swift; path = LoginView.swift; sourceTree = "<group>"; };
		E8474D6629F0D08200E2E0B1 /* Assets.xcassets */ = {isa = PBXFileReference; lastKnownFileType = folder.assetcatalog; path = Assets.xcassets; sourceTree = "<group>"; };
		E8474D7029F0D11200E2E0B1 /* GoogleService-Info.plist */ = {isa = PBXFileReference; fileEncoding = 4; lastKnownFileType = text.plist.xml; path = "GoogleService-Info.plist"; sourceTree = "<group>"; };
		E8ACB33829F77F19000D11A4 /* HomeView.swift */ = {isa = PBXFileReference; lastKnownFileType = sourcecode.swift; path = HomeView.swift; sourceTree = "<group>"; };
		E8ACB33B29F78653000D11A4 /* MenuView.swift */ = {isa = PBXFileReference; lastKnownFileType = sourcecode.swift; path = MenuView.swift; sourceTree = "<group>"; };
		E8BCB01F29F0D7370086A8A0 /* Preview Assets.xcassets */ = {isa = PBXFileReference; lastKnownFileType = folder.assetcatalog; path = "Preview Assets.xcassets"; sourceTree = "<group>"; };
		E8BCB02629F0DB540086A8A0 /* Info.plist */ = {isa = PBXFileReference; lastKnownFileType = text.plist; path = Info.plist; sourceTree = "<group>"; };
		E8BCB02A29F0DF010086A8A0 /* LoginViewModel.swift */ = {isa = PBXFileReference; lastKnownFileType = sourcecode.swift; path = LoginViewModel.swift; sourceTree = "<group>"; };
		E8BCB02C29F0E0560086A8A0 /* RootViewController.swift */ = {isa = PBXFileReference; lastKnownFileType = sourcecode.swift; path = RootViewController.swift; sourceTree = "<group>"; };
		E8E0877D29F8CB0F008428E7 /* Coordinator.swift */ = {isa = PBXFileReference; lastKnownFileType = sourcecode.swift; path = Coordinator.swift; sourceTree = "<group>"; };
		E8E0878229F8CD44008428E7 /* PhotosView.swift */ = {isa = PBXFileReference; lastKnownFileType = sourcecode.swift; path = PhotosView.swift; sourceTree = "<group>"; };
		E8E0878729F8CD8B008428E7 /* PhotoScreenView.swift */ = {isa = PBXFileReference; lastKnownFileType = sourcecode.swift; path = PhotoScreenView.swift; sourceTree = "<group>"; };
		E8E0878D29F8CF33008428E7 /* RegisterView.swift */ = {isa = PBXFileReference; lastKnownFileType = sourcecode.swift; path = RegisterView.swift; sourceTree = "<group>"; };
		E8E0879629F8D005008428E7 /* ArtishowView.swift */ = {isa = PBXFileReference; lastKnownFileType = sourcecode.swift; path = ArtishowView.swift; sourceTree = "<group>"; };
		E8E0879829F8D015008428E7 /* FavoritesView.swift */ = {isa = PBXFileReference; lastKnownFileType = sourcecode.swift; path = FavoritesView.swift; sourceTree = "<group>"; };
		E8E0879B29F8D075008428E7 /* PasswordView.swift */ = {isa = PBXFileReference; lastKnownFileType = sourcecode.swift; path = PasswordView.swift; sourceTree = "<group>"; };
		E8E087A029F8D1F5008428E7 /* CoordinatorView.swift */ = {isa = PBXFileReference; lastKnownFileType = sourcecode.swift; path = CoordinatorView.swift; sourceTree = "<group>"; };
		E8E087A529F8D6C0008428E7 /* Utils.swift */ = {isa = PBXFileReference; lastKnownFileType = sourcecode.swift; path = Utils.swift; sourceTree = "<group>"; };
		E8E087A729F8D6D0008428E7 /* Constants.swift */ = {isa = PBXFileReference; lastKnownFileType = sourcecode.swift; path = Constants.swift; sourceTree = "<group>"; };
		E8E087A929F8D7AD008428E7 /* CoordinatorContent.swift */ = {isa = PBXFileReference; lastKnownFileType = sourcecode.swift; path = CoordinatorContent.swift; sourceTree = "<group>"; };
		E8E087AE29F8DC1A008428E7 /* PrivateZoneView.swift */ = {isa = PBXFileReference; lastKnownFileType = sourcecode.swift; path = PrivateZoneView.swift; sourceTree = "<group>"; };
/* End PBXFileReference section */

/* Begin PBXFrameworksBuildPhase section */
		E8474D5C29F0D08000E2E0B1 /* Frameworks */ = {
			isa = PBXFrameworksBuildPhase;
			buildActionMask = 2147483647;
			files = (
				E8BCB02929F0DD050086A8A0 /* GoogleSignIn in Frameworks */,
				E847D42B29F0D3650026EEAE /* FirebaseMessaging in Frameworks */,
				E847D42929F0D3650026EEAE /* FirebaseCrashlytics in Frameworks */,
				E847D42529F0D3650026EEAE /* FirebaseAnalytics in Frameworks */,
				E847D42729F0D3650026EEAE /* FirebaseAuth in Frameworks */,
			);
			runOnlyForDeploymentPostprocessing = 0;
		};
/* End PBXFrameworksBuildPhase section */

/* Begin PBXGroup section */
		E80318BC29FA99500088265F /* Scenes */ = {
			isa = PBXGroup;
			children = (
				E8E0877F29F8CD28008428E7 /* Photos */,
				E83D696A29F9E8B900DF95A2 /* Account */,
				E83D696D29F9E96E00DF95A2 /* Profile */,
				E83D697029FA087800DF95A2 /* VerifyAccount */,
			);
			path = Scenes;
			sourceTree = "<group>";
		};
		E80318BD29FA9AC70088265F /* TabViews */ = {
			isa = PBXGroup;
			children = (
				E8ACB33729F77F0B000D11A4 /* Home */,
				E8E0879029F8CF7D008428E7 /* Favorites */,
				E8E0879129F8CF96008428E7 /* Artishow */,
				E8ACB33A29F78647000D11A4 /* Menu */,
			);
			path = TabViews;
			sourceTree = "<group>";
		};
		E80318BE29FA9AF80088265F /* Scenes */ = {
			isa = PBXGroup;
			children = (
				E8E0879A29F8D06D008428E7 /* Password */,
				E8E0878C29F8CF0C008428E7 /* Register */,
				E8BCB02529F0D7F80086A8A0 /* Login */,
			);
			path = Scenes;
			sourceTree = "<group>";
		};
		E83D696A29F9E8B900DF95A2 /* Account */ = {
			isa = PBXGroup;
			children = (
				E83D696B29F9E8CA00DF95A2 /* AccountView.swift */,
			);
			path = Account;
			sourceTree = "<group>";
		};
		E83D696D29F9E96E00DF95A2 /* Profile */ = {
			isa = PBXGroup;
			children = (
				E83D696E29F9E97700DF95A2 /* MenuProfileView.swift */,
			);
			path = Profile;
			sourceTree = "<group>";
		};
		E83D697029FA087800DF95A2 /* VerifyAccount */ = {
			isa = PBXGroup;
			children = (
				E83D697329FA08D800DF95A2 /* VerifyScreen */,
				E83D697129FA088A00DF95A2 /* VerifyAccount.swift */,
			);
			path = VerifyAccount;
			sourceTree = "<group>";
		};
		E83D697329FA08D800DF95A2 /* VerifyScreen */ = {
			isa = PBXGroup;
			children = (
				E83D697429FA08EA00DF95A2 /* VerifyScreenView.swift */,
			);
			path = VerifyScreen;
			sourceTree = "<group>";
		};
		E8474D5629F0D08000E2E0B1 = {
			isa = PBXGroup;
			children = (
				E8474D6129F0D08000E2E0B1 /* artishow-poc */,
				E8474D6029F0D08000E2E0B1 /* Products */,
			);
			sourceTree = "<group>";
		};
		E8474D6029F0D08000E2E0B1 /* Products */ = {
			isa = PBXGroup;
			children = (
				E8474D5F29F0D08000E2E0B1 /* artishow-poc.app */,
			);
			name = Products;
			sourceTree = "<group>";
		};
		E8474D6129F0D08000E2E0B1 /* artishow-poc */ = {
			isa = PBXGroup;
			children = (
				E8474D6229F0D08000E2E0B1 /* AppDelegate.swift */,
				E8BCB02629F0DB540086A8A0 /* Info.plist */,
				E8E087A229F8D629008428E7 /* Resources */,
				E847D42D29F0D6ED0026EEAE /* Assets */,
				E847D42C29F0D64A0026EEAE /* Source */,
			);
			path = "artishow-poc";
			sourceTree = "<group>";
		};
		E847D42C29F0D64A0026EEAE /* Source */ = {
			isa = PBXGroup;
			children = (
				E8E087A429F8D6AF008428E7 /* Helpers */,
				E8BCB02329F0D7C30086A8A0 /* Componets */,
				E8BCB02429F0D7CD0086A8A0 /* Workflows */,
			);
			path = Source;
			sourceTree = "<group>";
		};
		E847D42D29F0D6ED0026EEAE /* Assets */ = {
			isa = PBXGroup;
			children = (
				E8474D6629F0D08200E2E0B1 /* Assets.xcassets */,
				E8BCB01E29F0D7370086A8A0 /* Preview Content */,
			);
			path = Assets;
			sourceTree = "<group>";
		};
		E8ACB33729F77F0B000D11A4 /* Home */ = {
			isa = PBXGroup;
			children = (
				E8ACB33829F77F19000D11A4 /* HomeView.swift */,
			);
			path = Home;
			sourceTree = "<group>";
		};
		E8ACB33A29F78647000D11A4 /* Menu */ = {
			isa = PBXGroup;
			children = (
				E8ACB33B29F78653000D11A4 /* MenuView.swift */,
			);
			path = Menu;
			sourceTree = "<group>";
		};
		E8BCB01E29F0D7370086A8A0 /* Preview Content */ = {
			isa = PBXGroup;
			children = (
				E8BCB01F29F0D7370086A8A0 /* Preview Assets.xcassets */,
			);
			path = "Preview Content";
			sourceTree = "<group>";
		};
		E8BCB02129F0D7470086A8A0 /* Frameworks */ = {
			isa = PBXGroup;
			children = (
				E8BCB02229F0D7540086A8A0 /* Firebase */,
			);
			path = Frameworks;
			sourceTree = "<group>";
		};
		E8BCB02229F0D7540086A8A0 /* Firebase */ = {
			isa = PBXGroup;
			children = (
				E8474D7029F0D11200E2E0B1 /* GoogleService-Info.plist */,
			);
			path = Firebase;
			sourceTree = "<group>";
		};
		E8BCB02329F0D7C30086A8A0 /* Componets */ = {
			isa = PBXGroup;
			children = (
				E8E0879D29F8D09D008428E7 /* RootViewController */,
			);
			path = Componets;
			sourceTree = "<group>";
		};
		E8BCB02429F0D7CD0086A8A0 /* Workflows */ = {
			isa = PBXGroup;
			children = (
				E8E0878B29F8CE9E008428E7 /* PrivateZone */,
				E8E0878929F8CDE3008428E7 /* PublicZone */,
			);
			path = Workflows;
			sourceTree = "<group>";
		};
		E8BCB02529F0D7F80086A8A0 /* Login */ = {
			isa = PBXGroup;
			children = (
				E8474D6429F0D08000E2E0B1 /* LoginView.swift */,
				E8BCB02A29F0DF010086A8A0 /* LoginViewModel.swift */,
			);
			path = Login;
			sourceTree = "<group>";
		};
		E8E0877F29F8CD28008428E7 /* Photos */ = {
			isa = PBXGroup;
			children = (
				E8E0878429F8CD6D008428E7 /* PhotoScreen */,
				E8E0878229F8CD44008428E7 /* PhotosView.swift */,
			);
			path = Photos;
			sourceTree = "<group>";
		};
		E8E0878429F8CD6D008428E7 /* PhotoScreen */ = {
			isa = PBXGroup;
			children = (
				E8E0878729F8CD8B008428E7 /* PhotoScreenView.swift */,
			);
			path = PhotoScreen;
			sourceTree = "<group>";
		};
		E8E0878929F8CDE3008428E7 /* PublicZone */ = {
			isa = PBXGroup;
			children = (
				E83D697929FA24E300DF95A2 /* PublicZoneView.swift */,
				E80318BE29FA9AF80088265F /* Scenes */,
			);
			path = PublicZone;
			sourceTree = "<group>";
		};
		E8E0878B29F8CE9E008428E7 /* PrivateZone */ = {
			isa = PBXGroup;
			children = (
				E8E087AE29F8DC1A008428E7 /* PrivateZoneView.swift */,
				E80318BD29FA9AC70088265F /* TabViews */,
				E80318BC29FA99500088265F /* Scenes */,
			);
			path = PrivateZone;
			sourceTree = "<group>";
		};
		E8E0878C29F8CF0C008428E7 /* Register */ = {
			isa = PBXGroup;
			children = (
				E8E0878D29F8CF33008428E7 /* RegisterView.swift */,
			);
			path = Register;
			sourceTree = "<group>";
		};
		E8E0879029F8CF7D008428E7 /* Favorites */ = {
			isa = PBXGroup;
			children = (
				E8E0879829F8D015008428E7 /* FavoritesView.swift */,
			);
			path = Favorites;
			sourceTree = "<group>";
		};
		E8E0879129F8CF96008428E7 /* Artishow */ = {
			isa = PBXGroup;
			children = (
				E8E0879629F8D005008428E7 /* ArtishowView.swift */,
			);
			path = Artishow;
			sourceTree = "<group>";
		};
		E8E0879A29F8D06D008428E7 /* Password */ = {
			isa = PBXGroup;
			children = (
				E8E0879B29F8D075008428E7 /* PasswordView.swift */,
			);
			path = Password;
			sourceTree = "<group>";
		};
		E8E0879D29F8D09D008428E7 /* RootViewController */ = {
			isa = PBXGroup;
			children = (
				E8BCB02C29F0E0560086A8A0 /* RootViewController.swift */,
			);
			path = RootViewController;
			sourceTree = "<group>";
		};
		E8E087A229F8D629008428E7 /* Resources */ = {
			isa = PBXGroup;
			children = (
				E8E087A329F8D662008428E7 /* Coordinator */,
				E8BCB02129F0D7470086A8A0 /* Frameworks */,
			);
			path = Resources;
			sourceTree = "<group>";
		};
		E8E087A329F8D662008428E7 /* Coordinator */ = {
			isa = PBXGroup;
			children = (
				E8E0877D29F8CB0F008428E7 /* Coordinator.swift */,
				E8E087A029F8D1F5008428E7 /* CoordinatorView.swift */,
				E8E087A929F8D7AD008428E7 /* CoordinatorContent.swift */,
			);
			path = Coordinator;
			sourceTree = "<group>";
		};
		E8E087A429F8D6AF008428E7 /* Helpers */ = {
			isa = PBXGroup;
			children = (
				E8E087A729F8D6D0008428E7 /* Constants.swift */,
				E8E087A529F8D6C0008428E7 /* Utils.swift */,
			);
			path = Helpers;
			sourceTree = "<group>";
		};
/* End PBXGroup section */

/* Begin PBXNativeTarget section */
		E8474D5E29F0D08000E2E0B1 /* artishow-poc */ = {
			isa = PBXNativeTarget;
			buildConfigurationList = E8474D6D29F0D08200E2E0B1 /* Build configuration list for PBXNativeTarget "artishow-poc" */;
			buildPhases = (
				E8474D5B29F0D08000E2E0B1 /* Sources */,
				E8474D5C29F0D08000E2E0B1 /* Frameworks */,
				E8474D5D29F0D08000E2E0B1 /* Resources */,
			);
			buildRules = (
			);
			dependencies = (
			);
			name = "artishow-poc";
			packageProductDependencies = (
				E847D42429F0D3650026EEAE /* FirebaseAnalytics */,
				E847D42629F0D3650026EEAE /* FirebaseAuth */,
				E847D42829F0D3650026EEAE /* FirebaseCrashlytics */,
				E847D42A29F0D3650026EEAE /* FirebaseMessaging */,
				E8BCB02829F0DD050086A8A0 /* GoogleSignIn */,
			);
			productName = "artishow-poc";
			productReference = E8474D5F29F0D08000E2E0B1 /* artishow-poc.app */;
			productType = "com.apple.product-type.application";
		};
/* End PBXNativeTarget section */

/* Begin PBXProject section */
		E8474D5729F0D08000E2E0B1 /* Project object */ = {
			isa = PBXProject;
			attributes = {
				BuildIndependentTargetsInParallel = 1;
				LastSwiftUpdateCheck = 1420;
				LastUpgradeCheck = 1420;
				TargetAttributes = {
					E8474D5E29F0D08000E2E0B1 = {
						CreatedOnToolsVersion = 14.2;
					};
				};
			};
			buildConfigurationList = E8474D5A29F0D08000E2E0B1 /* Build configuration list for PBXProject "artishow-poc" */;
			compatibilityVersion = "Xcode 14.0";
			developmentRegion = en;
			hasScannedForEncodings = 0;
			knownRegions = (
				en,
				Base,
			);
			mainGroup = E8474D5629F0D08000E2E0B1;
			packageReferences = (
				E847D42329F0D3650026EEAE /* XCRemoteSwiftPackageReference "firebase-ios-sdk" */,
				E8BCB02729F0DD050086A8A0 /* XCRemoteSwiftPackageReference "GoogleSignIn-iOS" */,
			);
			productRefGroup = E8474D6029F0D08000E2E0B1 /* Products */;
			projectDirPath = "";
			projectRoot = "";
			targets = (
				E8474D5E29F0D08000E2E0B1 /* artishow-poc */,
			);
		};
/* End PBXProject section */

/* Begin PBXResourcesBuildPhase section */
		E8474D5D29F0D08000E2E0B1 /* Resources */ = {
			isa = PBXResourcesBuildPhase;
			buildActionMask = 2147483647;
			files = (
				E8474D7129F0D11200E2E0B1 /* GoogleService-Info.plist in Resources */,
				E8BCB02029F0D7370086A8A0 /* Preview Assets.xcassets in Resources */,
				E8474D6729F0D08200E2E0B1 /* Assets.xcassets in Resources */,
			);
			runOnlyForDeploymentPostprocessing = 0;
		};
/* End PBXResourcesBuildPhase section */

/* Begin PBXSourcesBuildPhase section */
		E8474D5B29F0D08000E2E0B1 /* Sources */ = {
			isa = PBXSourcesBuildPhase;
			buildActionMask = 2147483647;
			files = (
				E8474D6529F0D08000E2E0B1 /* LoginView.swift in Sources */,
				E8E087A129F8D1F5008428E7 /* CoordinatorView.swift in Sources */,
				E8E0878E29F8CF33008428E7 /* RegisterView.swift in Sources */,
				E8ACB33C29F78653000D11A4 /* MenuView.swift in Sources */,
				E8E0879729F8D005008428E7 /* ArtishowView.swift in Sources */,
				E83D697229FA088A00DF95A2 /* VerifyAccount.swift in Sources */,
				E8E087A629F8D6C0008428E7 /* Utils.swift in Sources */,
				E8E0879C29F8D075008428E7 /* PasswordView.swift in Sources */,
				E8E087A829F8D6D0008428E7 /* Constants.swift in Sources */,
				E8474D6329F0D08000E2E0B1 /* AppDelegate.swift in Sources */,
				E8E0878329F8CD44008428E7 /* PhotosView.swift in Sources */,
				E83D697A29FA24E300DF95A2 /* PublicZoneView.swift in Sources */,
				E8BCB02D29F0E0560086A8A0 /* RootViewController.swift in Sources */,
				E8ACB33929F77F19000D11A4 /* HomeView.swift in Sources */,
				E83D696F29F9E97700DF95A2 /* MenuProfileView.swift in Sources */,
				E8E087AF29F8DC1A008428E7 /* PrivateZoneView.swift in Sources */,
				E83D696C29F9E8CA00DF95A2 /* AccountView.swift in Sources */,
				E8E0879929F8D015008428E7 /* FavoritesView.swift in Sources */,
				E83D697529FA08EA00DF95A2 /* VerifyScreenView.swift in Sources */,
				E8E0878829F8CD8B008428E7 /* PhotoScreenView.swift in Sources */,
				E8E087AA29F8D7AD008428E7 /* CoordinatorContent.swift in Sources */,
				E8BCB02B29F0DF010086A8A0 /* LoginViewModel.swift in Sources */,
				E8E0877E29F8CB0F008428E7 /* Coordinator.swift in Sources */,
			);
			runOnlyForDeploymentPostprocessing = 0;
		};
/* End PBXSourcesBuildPhase section */

/* Begin XCBuildConfiguration section */
		E8474D6B29F0D08200E2E0B1 /* Debug */ = {
			isa = XCBuildConfiguration;
			buildSettings = {
				ALWAYS_SEARCH_USER_PATHS = NO;
				CLANG_ANALYZER_NONNULL = YES;
				CLANG_ANALYZER_NUMBER_OBJECT_CONVERSION = YES_AGGRESSIVE;
				CLANG_CXX_LANGUAGE_STANDARD = "gnu++20";
				CLANG_ENABLE_MODULES = YES;
				CLANG_ENABLE_OBJC_ARC = YES;
				CLANG_ENABLE_OBJC_WEAK = YES;
				CLANG_WARN_BLOCK_CAPTURE_AUTORELEASING = YES;
				CLANG_WARN_BOOL_CONVERSION = YES;
				CLANG_WARN_COMMA = YES;
				CLANG_WARN_CONSTANT_CONVERSION = YES;
				CLANG_WARN_DEPRECATED_OBJC_IMPLEMENTATIONS = YES;
				CLANG_WARN_DIRECT_OBJC_ISA_USAGE = YES_ERROR;
				CLANG_WARN_DOCUMENTATION_COMMENTS = YES;
				CLANG_WARN_EMPTY_BODY = YES;
				CLANG_WARN_ENUM_CONVERSION = YES;
				CLANG_WARN_INFINITE_RECURSION = YES;
				CLANG_WARN_INT_CONVERSION = YES;
				CLANG_WARN_NON_LITERAL_NULL_CONVERSION = YES;
				CLANG_WARN_OBJC_IMPLICIT_RETAIN_SELF = YES;
				CLANG_WARN_OBJC_LITERAL_CONVERSION = YES;
				CLANG_WARN_OBJC_ROOT_CLASS = YES_ERROR;
				CLANG_WARN_QUOTED_INCLUDE_IN_FRAMEWORK_HEADER = YES;
				CLANG_WARN_RANGE_LOOP_ANALYSIS = YES;
				CLANG_WARN_STRICT_PROTOTYPES = YES;
				CLANG_WARN_SUSPICIOUS_MOVE = YES;
				CLANG_WARN_UNGUARDED_AVAILABILITY = YES_AGGRESSIVE;
				CLANG_WARN_UNREACHABLE_CODE = YES;
				CLANG_WARN__DUPLICATE_METHOD_MATCH = YES;
				COPY_PHASE_STRIP = NO;
				DEBUG_INFORMATION_FORMAT = dwarf;
				ENABLE_STRICT_OBJC_MSGSEND = YES;
				ENABLE_TESTABILITY = YES;
				GCC_C_LANGUAGE_STANDARD = gnu11;
				GCC_DYNAMIC_NO_PIC = NO;
				GCC_NO_COMMON_BLOCKS = YES;
				GCC_OPTIMIZATION_LEVEL = 0;
				GCC_PREPROCESSOR_DEFINITIONS = (
					"DEBUG=1",
					"$(inherited)",
				);
				GCC_WARN_64_TO_32_BIT_CONVERSION = YES;
				GCC_WARN_ABOUT_RETURN_TYPE = YES_ERROR;
				GCC_WARN_UNDECLARED_SELECTOR = YES;
				GCC_WARN_UNINITIALIZED_AUTOS = YES_AGGRESSIVE;
				GCC_WARN_UNUSED_FUNCTION = YES;
				GCC_WARN_UNUSED_VARIABLE = YES;
				IPHONEOS_DEPLOYMENT_TARGET = 16.2;
				MTL_ENABLE_DEBUG_INFO = INCLUDE_SOURCE;
				MTL_FAST_MATH = YES;
				ONLY_ACTIVE_ARCH = YES;
				SDKROOT = iphoneos;
				SWIFT_ACTIVE_COMPILATION_CONDITIONS = DEBUG;
				SWIFT_OPTIMIZATION_LEVEL = "-Onone";
			};
			name = Debug;
		};
		E8474D6C29F0D08200E2E0B1 /* Release */ = {
			isa = XCBuildConfiguration;
			buildSettings = {
				ALWAYS_SEARCH_USER_PATHS = NO;
				CLANG_ANALYZER_NONNULL = YES;
				CLANG_ANALYZER_NUMBER_OBJECT_CONVERSION = YES_AGGRESSIVE;
				CLANG_CXX_LANGUAGE_STANDARD = "gnu++20";
				CLANG_ENABLE_MODULES = YES;
				CLANG_ENABLE_OBJC_ARC = YES;
				CLANG_ENABLE_OBJC_WEAK = YES;
				CLANG_WARN_BLOCK_CAPTURE_AUTORELEASING = YES;
				CLANG_WARN_BOOL_CONVERSION = YES;
				CLANG_WARN_COMMA = YES;
				CLANG_WARN_CONSTANT_CONVERSION = YES;
				CLANG_WARN_DEPRECATED_OBJC_IMPLEMENTATIONS = YES;
				CLANG_WARN_DIRECT_OBJC_ISA_USAGE = YES_ERROR;
				CLANG_WARN_DOCUMENTATION_COMMENTS = YES;
				CLANG_WARN_EMPTY_BODY = YES;
				CLANG_WARN_ENUM_CONVERSION = YES;
				CLANG_WARN_INFINITE_RECURSION = YES;
				CLANG_WARN_INT_CONVERSION = YES;
				CLANG_WARN_NON_LITERAL_NULL_CONVERSION = YES;
				CLANG_WARN_OBJC_IMPLICIT_RETAIN_SELF = YES;
				CLANG_WARN_OBJC_LITERAL_CONVERSION = YES;
				CLANG_WARN_OBJC_ROOT_CLASS = YES_ERROR;
				CLANG_WARN_QUOTED_INCLUDE_IN_FRAMEWORK_HEADER = YES;
				CLANG_WARN_RANGE_LOOP_ANALYSIS = YES;
				CLANG_WARN_STRICT_PROTOTYPES = YES;
				CLANG_WARN_SUSPICIOUS_MOVE = YES;
				CLANG_WARN_UNGUARDED_AVAILABILITY = YES_AGGRESSIVE;
				CLANG_WARN_UNREACHABLE_CODE = YES;
				CLANG_WARN__DUPLICATE_METHOD_MATCH = YES;
				COPY_PHASE_STRIP = NO;
				DEBUG_INFORMATION_FORMAT = "dwarf-with-dsym";
				ENABLE_NS_ASSERTIONS = NO;
				ENABLE_STRICT_OBJC_MSGSEND = YES;
				GCC_C_LANGUAGE_STANDARD = gnu11;
				GCC_NO_COMMON_BLOCKS = YES;
				GCC_WARN_64_TO_32_BIT_CONVERSION = YES;
				GCC_WARN_ABOUT_RETURN_TYPE = YES_ERROR;
				GCC_WARN_UNDECLARED_SELECTOR = YES;
				GCC_WARN_UNINITIALIZED_AUTOS = YES_AGGRESSIVE;
				GCC_WARN_UNUSED_FUNCTION = YES;
				GCC_WARN_UNUSED_VARIABLE = YES;
				IPHONEOS_DEPLOYMENT_TARGET = 16.2;
				MTL_ENABLE_DEBUG_INFO = NO;
				MTL_FAST_MATH = YES;
				SDKROOT = iphoneos;
				SWIFT_COMPILATION_MODE = wholemodule;
				SWIFT_OPTIMIZATION_LEVEL = "-O";
				VALIDATE_PRODUCT = YES;
			};
			name = Release;
		};
		E8474D6E29F0D08200E2E0B1 /* Debug */ = {
			isa = XCBuildConfiguration;
			buildSettings = {
				ASSETCATALOG_COMPILER_APPICON_NAME = AppIcon;
				ASSETCATALOG_COMPILER_GLOBAL_ACCENT_COLOR_NAME = AccentColor;
				CODE_SIGN_STYLE = Automatic;
				CURRENT_PROJECT_VERSION = 1;
				DEVELOPMENT_ASSET_PATHS = "\"artishow-poc/Assets/Preview Content\"";
				DEVELOPMENT_TEAM = 4G9UQ8D789;
				ENABLE_PREVIEWS = YES;
				GENERATE_INFOPLIST_FILE = YES;
				INFOPLIST_FILE = "artishow-poc/Info.plist";
				INFOPLIST_KEY_CFBundleDisplayName = "Artishow POC";
				INFOPLIST_KEY_LSApplicationCategoryType = "public.app-category.entertainment";
				INFOPLIST_KEY_UIApplicationSceneManifest_Generation = YES;
				INFOPLIST_KEY_UIApplicationSupportsIndirectInputEvents = YES;
				INFOPLIST_KEY_UISupportedInterfaceOrientations = UIInterfaceOrientationPortrait;
				INFOPLIST_KEY_UISupportedInterfaceOrientations_iPad = "UIInterfaceOrientationLandscapeLeft UIInterfaceOrientationLandscapeRight UIInterfaceOrientationPortrait UIInterfaceOrientationPortraitUpsideDown";
				IPHONEOS_DEPLOYMENT_TARGET = 16.0;
				LD_RUNPATH_SEARCH_PATHS = (
					"$(inherited)",
					"@executable_path/Frameworks",
				);
				MARKETING_VERSION = 1.0;
				PRODUCT_BUNDLE_IDENTIFIER = "dev.victorcastro.artishow-poc";
				PRODUCT_NAME = "$(TARGET_NAME)";
				SUPPORTED_PLATFORMS = "iphoneos iphonesimulator";
				SUPPORTS_MACCATALYST = NO;
				SUPPORTS_MAC_DESIGNED_FOR_IPHONE_IPAD = NO;
				SWIFT_EMIT_LOC_STRINGS = YES;
				SWIFT_VERSION = 5.0;
				TARGETED_DEVICE_FAMILY = 1;
			};
			name = Debug;
		};
		E8474D6F29F0D08200E2E0B1 /* Release */ = {
			isa = XCBuildConfiguration;
			buildSettings = {
				ASSETCATALOG_COMPILER_APPICON_NAME = AppIcon;
				ASSETCATALOG_COMPILER_GLOBAL_ACCENT_COLOR_NAME = AccentColor;
				CODE_SIGN_STYLE = Automatic;
				CURRENT_PROJECT_VERSION = 1;
				DEVELOPMENT_ASSET_PATHS = "\"artishow-poc/Assets/Preview Content\"";
				DEVELOPMENT_TEAM = 4G9UQ8D789;
				ENABLE_PREVIEWS = YES;
				GENERATE_INFOPLIST_FILE = YES;
				INFOPLIST_FILE = "artishow-poc/Info.plist";
				INFOPLIST_KEY_CFBundleDisplayName = "Artishow POC";
				INFOPLIST_KEY_LSApplicationCategoryType = "public.app-category.entertainment";
				INFOPLIST_KEY_UIApplicationSceneManifest_Generation = YES;
				INFOPLIST_KEY_UIApplicationSupportsIndirectInputEvents = YES;
				INFOPLIST_KEY_UISupportedInterfaceOrientations = UIInterfaceOrientationPortrait;
				INFOPLIST_KEY_UISupportedInterfaceOrientations_iPad = "UIInterfaceOrientationLandscapeLeft UIInterfaceOrientationLandscapeRight UIInterfaceOrientationPortrait UIInterfaceOrientationPortraitUpsideDown";
				IPHONEOS_DEPLOYMENT_TARGET = 16.0;
				LD_RUNPATH_SEARCH_PATHS = (
					"$(inherited)",
					"@executable_path/Frameworks",
				);
				MARKETING_VERSION = 1.0;
				PRODUCT_BUNDLE_IDENTIFIER = "dev.victorcastro.artishow-poc";
				PRODUCT_NAME = "$(TARGET_NAME)";
				SUPPORTED_PLATFORMS = "iphoneos iphonesimulator";
				SUPPORTS_MACCATALYST = NO;
				SUPPORTS_MAC_DESIGNED_FOR_IPHONE_IPAD = NO;
				SWIFT_EMIT_LOC_STRINGS = YES;
				SWIFT_VERSION = 5.0;
				TARGETED_DEVICE_FAMILY = 1;
			};
			name = Release;
		};
/* End XCBuildConfiguration section */

/* Begin XCConfigurationList section */
		E8474D5A29F0D08000E2E0B1 /* Build configuration list for PBXProject "artishow-poc" */ = {
			isa = XCConfigurationList;
			buildConfigurations = (
				E8474D6B29F0D08200E2E0B1 /* Debug */,
				E8474D6C29F0D08200E2E0B1 /* Release */,
			);
			defaultConfigurationIsVisible = 0;
			defaultConfigurationName = Release;
		};
		E8474D6D29F0D08200E2E0B1 /* Build configuration list for PBXNativeTarget "artishow-poc" */ = {
			isa = XCConfigurationList;
			buildConfigurations = (
				E8474D6E29F0D08200E2E0B1 /* Debug */,
				E8474D6F29F0D08200E2E0B1 /* Release */,
			);
			defaultConfigurationIsVisible = 0;
			defaultConfigurationName = Release;
		};
/* End XCConfigurationList section */

/* Begin XCRemoteSwiftPackageReference section */
		E847D42329F0D3650026EEAE /* XCRemoteSwiftPackageReference "firebase-ios-sdk" */ = {
			isa = XCRemoteSwiftPackageReference;
			repositoryURL = "https://github.com/firebase/firebase-ios-sdk";
			requirement = {
				kind = upToNextMajorVersion;
				minimumVersion = 9.0.0;
			};
		};
		E8BCB02729F0DD050086A8A0 /* XCRemoteSwiftPackageReference "GoogleSignIn-iOS" */ = {
			isa = XCRemoteSwiftPackageReference;
			repositoryURL = "https://github.com/google/GoogleSignIn-iOS";
			requirement = {
				kind = upToNextMajorVersion;
				minimumVersion = 7.0.0;
			};
		};
/* End XCRemoteSwiftPackageReference section */

/* Begin XCSwiftPackageProductDependency section */
		E847D42429F0D3650026EEAE /* FirebaseAnalytics */ = {
			isa = XCSwiftPackageProductDependency;
			package = E847D42329F0D3650026EEAE /* XCRemoteSwiftPackageReference "firebase-ios-sdk" */;
			productName = FirebaseAnalytics;
		};
		E847D42629F0D3650026EEAE /* FirebaseAuth */ = {
			isa = XCSwiftPackageProductDependency;
			package = E847D42329F0D3650026EEAE /* XCRemoteSwiftPackageReference "firebase-ios-sdk" */;
			productName = FirebaseAuth;
		};
		E847D42829F0D3650026EEAE /* FirebaseCrashlytics */ = {
			isa = XCSwiftPackageProductDependency;
			package = E847D42329F0D3650026EEAE /* XCRemoteSwiftPackageReference "firebase-ios-sdk" */;
			productName = FirebaseCrashlytics;
		};
		E847D42A29F0D3650026EEAE /* FirebaseMessaging */ = {
			isa = XCSwiftPackageProductDependency;
			package = E847D42329F0D3650026EEAE /* XCRemoteSwiftPackageReference "firebase-ios-sdk" */;
			productName = FirebaseMessaging;
		};
		E8BCB02829F0DD050086A8A0 /* GoogleSignIn */ = {
			isa = XCSwiftPackageProductDependency;
			package = E8BCB02729F0DD050086A8A0 /* XCRemoteSwiftPackageReference "GoogleSignIn-iOS" */;
			productName = GoogleSignIn;
		};
/* End XCSwiftPackageProductDependency section */
	};
	rootObject = E8474D5729F0D08000E2E0B1 /* Project object */;
}
